
Microsoft Visual Studio Solution File, Format Version 12.00
# Visual Studio 15
VisualStudioVersion = 15.0.28010.2019
MinimumVisualStudioVersion = 10.0.40219.1
Project("{FAE04EC0-301F-11D3-BF4B-00C04F79EFBC}") = "ForsaWebAPI", "ForsaWebAPI\ForsaWebAPI.csproj", "{0FD5E1EB-709F-4406-953A-895B49073F33}"
EndProject
Project("{FAE04EC0-301F-11D3-BF4B-00C04F79EFBC}") = "ForsaSignalRSocket", "ForsaSignalRSocket\ForsaSignalRSocket.csproj", "{8AF49113-5985-401B-9F9E-6284EA8DEB25}"
EndProject
Global
	GlobalSection(SolutionConfigurationPlatforms) = preSolution
		Debug|Any CPU = Debug|Any CPU
		Release|Any CPU = Release|Any CPU
	EndGlobalSection
	GlobalSection(ProjectConfigurationPlatforms) = postSolution
		{0FD5E1EB-709F-4406-953A-895B49073F33}.Debug|Any CPU.ActiveCfg = Debug|Any CPU
		{0FD5E1EB-709F-4406-953A-895B49073F33}.Debug|Any CPU.Build.0 = Debug|Any CPU
		{0FD5E1EB-709F-4406-953A-895B49073F33}.Release|Any CPU.ActiveCfg = Release|Any CPU
		{0FD5E1EB-709F-4406-953A-895B49073F33}.Release|Any CPU.Build.0 = Release|Any CPU
		{8AF49113-5985-401B-9F9E-6284EA8DEB25}.Debug|Any CPU.ActiveCfg = Debug|Any CPU
		{8AF49113-5985-401B-9F9E-6284EA8DEB25}.Debug|Any CPU.Build.0 = Debug|Any CPU
		{8AF49113-5985-401B-9F9E-6284EA8DEB25}.Release|Any CPU.ActiveCfg = Release|Any CPU
		{8AF49113-5985-401B-9F9E-6284EA8DEB25}.Release|Any CPU.Build.0 = Release|Any CPU
	EndGlobalSection
	GlobalSection(SolutionProperties) = preSolution
		HideSolutionNode = FALSE
	EndGlobalSection
	GlobalSection(ExtensibilityGlobals) = postSolution
		SolutionGuid = {0AB007CD-8AA0-453D-93D0-32BF7837B6FD}
	EndGlobalSection
EndGlobal
